
Microsoft Visual Studio Solution File, Format Version 12.00
# Visual Studio Version 17
VisualStudioVersion = 17.6.33712.159
MinimumVisualStudioVersion = 10.0.40219.1
Project("{9A19103F-16F7-4668-BE54-9A1E7A4F7556}") = "Bloggie.Web", "Bloggie.Web\Bloggie.Web.csproj", "{AF3F6F5F-BF87-453F-8843-5A4B308A412A}"
EndProject
Global
	GlobalSection(SolutionConfigurationPlatforms) = preSolution
		Debug|Any CPU = Debug|Any CPU
		Release|Any CPU = Release|Any CPU
	EndGlobalSection
	GlobalSection(ProjectConfigurationPlatforms) = postSolution
		{AF3F6F5F-BF87-453F-8843-5A4B308A412A}.Debug|Any CPU.ActiveCfg = Debug|Any CPU
		{AF3F6F5F-BF87-453F-8843-5A4B308A412A}.Debug|Any CPU.Build.0 = Debug|Any CPU
		{AF3F6F5F-BF87-453F-8843-5A4B308A412A}.Release|Any CPU.ActiveCfg = Release|Any CPU
		{AF3F6F5F-BF87-453F-8843-5A4B308A412A}.Release|Any CPU.Build.0 = Release|Any CPU
	EndGlobalSection
	GlobalSection(SolutionProperties) = preSolution
		HideSolutionNode = FALSE
	EndGlobalSection
	GlobalSection(ExtensibilityGlobals) = postSolution
		SolutionGuid = {04F818B5-E974-4BCE-845C-05655AEBC04A}
	EndGlobalSection
EndGlobal
